
Microsoft Visual Studio Solution File, Format Version 12.00
# Visual Studio 2013
VisualStudioVersion = 12.0.40629.0
MinimumVisualStudioVersion = 10.0.40219.1
Project("{FAE04EC0-301F-11D3-BF4B-00C04F79EFBC}") = "AuctionSniperDesktop", "AuctionSniperDesktop\AuctionSniperDesktop.csproj", "{CF7B467A-2185-4F71-A071-ADE635906E15}"
EndProject
Project("{FAE04EC0-301F-11D3-BF4B-00C04F79EFBC}") = "AuctionSniper", "..\AuctionSniper\AuctionSniper.csproj", "{C65D0523-5793-423E-BF92-A3B2A3EC735F}"
EndProject
Project("{FAE04EC0-301F-11D3-BF4B-00C04F79EFBC}") = "ASDesktop", "ASDesktop\ASDesktop.csproj", "{E757E2BB-D169-4C34-8287-32AA726B663C}"
EndProject
Project("{FAE04EC0-301F-11D3-BF4B-00C04F79EFBC}") = "DAS.GoDaddy", "..\..\DASService\AuctionSniper\GoDaddy\DAS.GoDaddy.csproj", "{7FDD8669-9620-4C5A-8DB1-992738BE0D95}"
EndProject
Project("{FAE04EC0-301F-11D3-BF4B-00C04F79EFBC}") = "Lunchboxweb", "..\..\DASService\AuctionSniper\Lunchboxweb\Lunchboxweb.csproj", "{FCB65216-825D-4C9B-8308-AE36DEBFDC38}"
EndProject
Project("{FAE04EC0-301F-11D3-BF4B-00C04F79EFBC}") = "DAS.DAL", "..\..\DASService\AuctionSniper\DAL\DAS.DAL.csproj", "{3B99167C-9D35-417F-BBEE-99BAC61A1DEC}"
EndProject
Project("{FAE04EC0-301F-11D3-BF4B-00C04F79EFBC}") = "DAS.Domain", "..\..\DASService\AuctionSniper\DAS.Domain\DAS.Domain.csproj", "{E21F7956-C2BD-43CA-815E-E4967F840D69}"
EndProject
Global
	GlobalSection(SolutionConfigurationPlatforms) = preSolution
		Debug|Any CPU = Debug|Any CPU
		Debug|x86 = Debug|x86
		Release|Any CPU = Release|Any CPU
		Release|x86 = Release|x86
	EndGlobalSection
	GlobalSection(ProjectConfigurationPlatforms) = postSolution
		{CF7B467A-2185-4F71-A071-ADE635906E15}.Debug|Any CPU.ActiveCfg = Debug|Any CPU
		{CF7B467A-2185-4F71-A071-ADE635906E15}.Debug|Any CPU.Build.0 = Debug|Any CPU
		{CF7B467A-2185-4F71-A071-ADE635906E15}.Debug|x86.ActiveCfg = Debug|Any CPU
		{CF7B467A-2185-4F71-A071-ADE635906E15}.Release|Any CPU.ActiveCfg = Release|Any CPU
		{CF7B467A-2185-4F71-A071-ADE635906E15}.Release|Any CPU.Build.0 = Release|Any CPU
		{CF7B467A-2185-4F71-A071-ADE635906E15}.Release|x86.ActiveCfg = Release|Any CPU
		{C65D0523-5793-423E-BF92-A3B2A3EC735F}.Debug|Any CPU.ActiveCfg = Debug|Any CPU
		{C65D0523-5793-423E-BF92-A3B2A3EC735F}.Debug|Any CPU.Build.0 = Debug|Any CPU
		{C65D0523-5793-423E-BF92-A3B2A3EC735F}.Debug|x86.ActiveCfg = Debug|x86
		{C65D0523-5793-423E-BF92-A3B2A3EC735F}.Debug|x86.Build.0 = Debug|x86
		{C65D0523-5793-423E-BF92-A3B2A3EC735F}.Release|Any CPU.ActiveCfg = Release|Any CPU
		{C65D0523-5793-423E-BF92-A3B2A3EC735F}.Release|Any CPU.Build.0 = Release|Any CPU
		{C65D0523-5793-423E-BF92-A3B2A3EC735F}.Release|x86.ActiveCfg = Release|x86
		{C65D0523-5793-423E-BF92-A3B2A3EC735F}.Release|x86.Build.0 = Release|x86
		{E757E2BB-D169-4C34-8287-32AA726B663C}.Debug|Any CPU.ActiveCfg = Debug|Any CPU
		{E757E2BB-D169-4C34-8287-32AA726B663C}.Debug|Any CPU.Build.0 = Debug|Any CPU
		{E757E2BB-D169-4C34-8287-32AA726B663C}.Debug|x86.ActiveCfg = Debug|Any CPU
		{E757E2BB-D169-4C34-8287-32AA726B663C}.Release|Any CPU.ActiveCfg = Release|Any CPU
		{E757E2BB-D169-4C34-8287-32AA726B663C}.Release|Any CPU.Build.0 = Release|Any CPU
		{E757E2BB-D169-4C34-8287-32AA726B663C}.Release|x86.ActiveCfg = Release|Any CPU
		{7FDD8669-9620-4C5A-8DB1-992738BE0D95}.Debug|Any CPU.ActiveCfg = Debug|Any CPU
		{7FDD8669-9620-4C5A-8DB1-992738BE0D95}.Debug|Any CPU.Build.0 = Debug|Any CPU
		{7FDD8669-9620-4C5A-8DB1-992738BE0D95}.Debug|x86.ActiveCfg = Debug|Any CPU
		{7FDD8669-9620-4C5A-8DB1-992738BE0D95}.Release|Any CPU.ActiveCfg = Release|Any CPU
		{7FDD8669-9620-4C5A-8DB1-992738BE0D95}.Release|Any CPU.Build.0 = Release|Any CPU
		{7FDD8669-9620-4C5A-8DB1-992738BE0D95}.Release|x86.ActiveCfg = Release|Any CPU
		{FCB65216-825D-4C9B-8308-AE36DEBFDC38}.Debug|Any CPU.ActiveCfg = Debug|Any CPU
		{FCB65216-825D-4C9B-8308-AE36DEBFDC38}.Debug|Any CPU.Build.0 = Debug|Any CPU
		{FCB65216-825D-4C9B-8308-AE36DEBFDC38}.Debug|x86.ActiveCfg = Debug|Any CPU
		{FCB65216-825D-4C9B-8308-AE36DEBFDC38}.Release|Any CPU.ActiveCfg = Release|Any CPU
		{FCB65216-825D-4C9B-8308-AE36DEBFDC38}.Release|Any CPU.Build.0 = Release|Any CPU
		{FCB65216-825D-4C9B-8308-AE36DEBFDC38}.Release|x86.ActiveCfg = Release|Any CPU
		{3B99167C-9D35-417F-BBEE-99BAC61A1DEC}.Debug|Any CPU.ActiveCfg = Debug|Any CPU
		{3B99167C-9D35-417F-BBEE-99BAC61A1DEC}.Debug|Any CPU.Build.0 = Debug|Any CPU
		{3B99167C-9D35-417F-BBEE-99BAC61A1DEC}.Debug|x86.ActiveCfg = Debug|Any CPU
		{3B99167C-9D35-417F-BBEE-99BAC61A1DEC}.Release|Any CPU.ActiveCfg = Release|Any CPU
		{3B99167C-9D35-417F-BBEE-99BAC61A1DEC}.Release|Any CPU.Build.0 = Release|Any CPU
		{3B99167C-9D35-417F-BBEE-99BAC61A1DEC}.Release|x86.ActiveCfg = Release|Any CPU
		{E21F7956-C2BD-43CA-815E-E4967F840D69}.Debug|Any CPU.ActiveCfg = Debug|Any CPU
		{E21F7956-C2BD-43CA-815E-E4967F840D69}.Debug|Any CPU.Build.0 = Debug|Any CPU
		{E21F7956-C2BD-43CA-815E-E4967F840D69}.Debug|x86.ActiveCfg = Debug|Any CPU
		{E21F7956-C2BD-43CA-815E-E4967F840D69}.Release|Any CPU.ActiveCfg = Release|Any CPU
		{E21F7956-C2BD-43CA-815E-E4967F840D69}.Release|Any CPU.Build.0 = Release|Any CPU
		{E21F7956-C2BD-43CA-815E-E4967F840D69}.Release|x86.ActiveCfg = Release|Any CPU
	EndGlobalSection
	GlobalSection(SolutionProperties) = preSolution
		HideSolutionNode = FALSE
	EndGlobalSection
EndGlobal
